// !$*UTF8*$!
{
	archiveVersion = 1;
	classes = {
	};
	objectVersion = 46;
	objects = {

/* Begin PBXBuildFile section */
		8A078F7017638F9F001344AC /* UIKit.framework in Frameworks */ = {isa = PBXBuildFile; fileRef = 8A078F6F17638F9F001344AC /* UIKit.framework */; };
		8A078F7217638F9F001344AC /* Foundation.framework in Frameworks */ = {isa = PBXBuildFile; fileRef = 8A078F7117638F9F001344AC /* Foundation.framework */; };
		8A078F7417638F9F001344AC /* CoreGraphics.framework in Frameworks */ = {isa = PBXBuildFile; fileRef = 8A078F7317638F9F001344AC /* CoreGraphics.framework */; };
		8A078F7A17638F9F001344AC /* InfoPlist.strings in Resources */ = {isa = PBXBuildFile; fileRef = 8A078F7817638F9F001344AC /* InfoPlist.strings */; };
		8A078F7C17638F9F001344AC /* main.m in Sources */ = {isa = PBXBuildFile; fileRef = 8A078F7B17638F9F001344AC /* main.m */; };
		8A078F8017638F9F001344AC /* AppDelegate.m in Sources */ = {isa = PBXBuildFile; fileRef = 8A078F7F17638F9F001344AC /* AppDelegate.m */; };
		8A078F8217638F9F001344AC /* Default.png in Resources */ = {isa = PBXBuildFile; fileRef = 8A078F8117638F9F001344AC /* Default.png */; };
		8A078F8417638F9F001344AC /* Default@2x.png in Resources */ = {isa = PBXBuildFile; fileRef = 8A078F8317638F9F001344AC /* Default@2x.png */; };
		8A078F8617638F9F001344AC /* Default-568h@2x.png in Resources */ = {isa = PBXBuildFile; fileRef = 8A078F8517638F9F001344AC /* Default-568h@2x.png */; };
		8A078F8917638F9F001344AC /* ViewController.m in Sources */ = {isa = PBXBuildFile; fileRef = 8A078F8817638F9F001344AC /* ViewController.m */; };
		8A078F8C17638F9F001344AC /* ViewController.xib in Resources */ = {isa = PBXBuildFile; fileRef = 8A078F8A17638F9F001344AC /* ViewController.xib */; };
		8A1DD7431764AD8200D3A7AF /* testDatePicker.m in Sources */ = {isa = PBXBuildFile; fileRef = 8A1DD7421764AD8200D3A7AF /* testDatePicker.m */; };
		8A1DD7451764ADA000D3A7AF /* testDatePicker.xib in Resources */ = {isa = PBXBuildFile; fileRef = 8A1DD7441764ADA000D3A7AF /* testDatePicker.xib */; };
		8A1DD7481765070F00D3A7AF /* selectCity.m in Sources */ = {isa = PBXBuildFile; fileRef = 8A1DD7471765070F00D3A7AF /* selectCity.m */; };
		8A1DD74A1765071C00D3A7AF /* selectCity.xib in Resources */ = {isa = PBXBuildFile; fileRef = 8A1DD7491765071C00D3A7AF /* selectCity.xib */; };
		8AD3765A1765C5B80066312F /* city.plist in Resources */ = {isa = PBXBuildFile; fileRef = 8AD376591765C5B80066312F /* city.plist */; };
/* End PBXBuildFile section */

/* Begin PBXFileReference section */
		8A078F6C17638F9F001344AC /* Demo.app */ = {isa = PBXFileReference; explicitFileType = wrapper.application; includeInIndex = 0; path = Demo.app; sourceTree = BUILT_PRODUCTS_DIR; };
		8A078F6F17638F9F001344AC /* UIKit.framework */ = {isa = PBXFileReference; lastKnownFileType = wrapper.framework; name = UIKit.framework; path = System/Library/Frameworks/UIKit.framework; sourceTree = SDKROOT; };
		8A078F7117638F9F001344AC /* Foundation.framework */ = {isa = PBXFileReference; lastKnownFileType = wrapper.framework; name = Foundation.framework; path = System/Library/Frameworks/Foundation.framework; sourceTree = SDKROOT; };
		8A078F7317638F9F001344AC /* CoreGraphics.framework */ = {isa = PBXFileReference; lastKnownFileType = wrapper.framework; name = CoreGraphics.framework; path = System/Library/Frameworks/CoreGraphics.framework; sourceTree = SDKROOT; };
		8A078F7717638F9F001344AC /* Demo-Info.plist */ = {isa = PBXFileReference; lastKnownFileType = text.plist.xml; path = "Demo-Info.plist"; sourceTree = "<group>"; };
		8A078F7917638F9F001344AC /* en */ = {isa = PBXFileReference; lastKnownFileType = text.plist.strings; name = en; path = en.lproj/InfoPlist.strings; sourceTree = "<group>"; };
		8A078F7B17638F9F001344AC /* main.m */ = {isa = PBXFileReference; lastKnownFileType = sourcecode.c.objc; path = main.m; sourceTree = "<group>"; };
		8A078F7D17638F9F001344AC /* Demo-Prefix.pch */ = {isa = PBXFileReference; lastKnownFileType = sourcecode.c.h; path = "Demo-Prefix.pch"; sourceTree = "<group>"; };
		8A078F7E17638F9F001344AC /* AppDelegate.h */ = {isa = PBXFileReference; lastKnownFileType = sourcecode.c.h; path = AppDelegate.h; sourceTree = "<group>"; };
		8A078F7F17638F9F001344AC /* AppDelegate.m */ = {isa = PBXFileReference; lastKnownFileType = sourcecode.c.objc; path = AppDelegate.m; sourceTree = "<group>"; };
		8A078F8117638F9F001344AC /* Default.png */ = {isa = PBXFileReference; lastKnownFileType = image.png; path = Default.png; sourceTree = "<group>"; };
		8A078F8317638F9F001344AC /* Default@2x.png */ = {isa = PBXFileReference; lastKnownFileType = image.png; path = "Default@2x.png"; sourceTree = "<group>"; };
		8A078F8517638F9F001344AC /* Default-568h@2x.png */ = {isa = PBXFileReference; lastKnownFileType = image.png; path = "Default-568h@2x.png"; sourceTree = "<group>"; };
		8A078F8717638F9F001344AC /* ViewController.h */ = {isa = PBXFileReference; lastKnownFileType = sourcecode.c.h; path = ViewController.h; sourceTree = "<group>"; };
		8A078F8817638F9F001344AC /* ViewController.m */ = {isa = PBXFileReference; lastKnownFileType = sourcecode.c.objc; path = ViewController.m; sourceTree = "<group>"; };
		8A078F8B17638F9F001344AC /* en */ = {isa = PBXFileReference; lastKnownFileType = file.xib; name = en; path = en.lproj/ViewController.xib; sourceTree = "<group>"; };
		8A1DD7411764AD8200D3A7AF /* testDatePicker.h */ = {isa = PBXFileReference; fileEncoding = 4; lastKnownFileType = sourcecode.c.h; path = testDatePicker.h; sourceTree = "<group>"; };
		8A1DD7421764AD8200D3A7AF /* testDatePicker.m */ = {isa = PBXFileReference; fileEncoding = 4; lastKnownFileType = sourcecode.c.objc; path = testDatePicker.m; sourceTree = "<group>"; };
		8A1DD7441764ADA000D3A7AF /* testDatePicker.xib */ = {isa = PBXFileReference; fileEncoding = 4; lastKnownFileType = file.xib; path = testDatePicker.xib; sourceTree = "<group>"; };
		8A1DD7461765070F00D3A7AF /* selectCity.h */ = {isa = PBXFileReference; fileEncoding = 4; lastKnownFileType = sourcecode.c.h; path = selectCity.h; sourceTree = "<group>"; };
		8A1DD7471765070F00D3A7AF /* selectCity.m */ = {isa = PBXFileReference; fileEncoding = 4; lastKnownFileType = sourcecode.c.objc; path = selectCity.m; sourceTree = "<group>"; };
		8A1DD7491765071C00D3A7AF /* selectCity.xib */ = {isa = PBXFileReference; fileEncoding = 4; lastKnownFileType = file.xib; path = selectCity.xib; sourceTree = "<group>"; };
		8AD376591765C5B80066312F /* city.plist */ = {isa = PBXFileReference; fileEncoding = 4; lastKnownFileType = text.plist.xml; path = city.plist; sourceTree = "<group>"; };
/* End PBXFileReference section */

/* Begin PBXFrameworksBuildPhase section */
		8A078F6917638F9F001344AC /* Frameworks */ = {
			isa = PBXFrameworksBuildPhase;
			buildActionMask = 2147483647;
			files = (
				8A078F7017638F9F001344AC /* UIKit.framework in Frameworks */,
				8A078F7217638F9F001344AC /* Foundation.framework in Frameworks */,
				8A078F7417638F9F001344AC /* CoreGraphics.framework in Frameworks */,
			);
			runOnlyForDeploymentPostprocessing = 0;
		};
/* End PBXFrameworksBuildPhase section */

/* Begin PBXGroup section */
		8A078F6317638F9F001344AC = {
			isa = PBXGroup;
			children = (
				8A078F7517638F9F001344AC /* Demo */,
				8A078F6E17638F9F001344AC /* Frameworks */,
				8A078F6D17638F9F001344AC /* Products */,
			);
			sourceTree = "<group>";
		};
		8A078F6D17638F9F001344AC /* Products */ = {
			isa = PBXGroup;
			children = (
				8A078F6C17638F9F001344AC /* Demo.app */,
			);
			name = Products;
			sourceTree = "<group>";
		};
		8A078F6E17638F9F001344AC /* Frameworks */ = {
			isa = PBXGroup;
			children = (
				8A078F6F17638F9F001344AC /* UIKit.framework */,
				8A078F7117638F9F001344AC /* Foundation.framework */,
				8A078F7317638F9F001344AC /* CoreGraphics.framework */,
			);
			name = Frameworks;
			sourceTree = "<group>";
		};
		8A078F7517638F9F001344AC /* Demo */ = {
			isa = PBXGroup;
			children = (
				8AD376591765C5B80066312F /* city.plist */,
				8A078F7E17638F9F001344AC /* AppDelegate.h */,
				8A078F7F17638F9F001344AC /* AppDelegate.m */,
				8A078F8717638F9F001344AC /* ViewController.h */,
				8A078F8817638F9F001344AC /* ViewController.m */,
				8A078F8A17638F9F001344AC /* ViewController.xib */,
				8A1DD7411764AD8200D3A7AF /* testDatePicker.h */,
				8A1DD7421764AD8200D3A7AF /* testDatePicker.m */,
				8A1DD7441764ADA000D3A7AF /* testDatePicker.xib */,
				8A1DD7461765070F00D3A7AF /* selectCity.h */,
				8A1DD7471765070F00D3A7AF /* selectCity.m */,
				8A1DD7491765071C00D3A7AF /* selectCity.xib */,
				8A078F7617638F9F001344AC /* Supporting Files */,
			);
			path = Demo;
			sourceTree = "<group>";
		};
		8A078F7617638F9F001344AC /* Supporting Files */ = {
			isa = PBXGroup;
			children = (
				8A078F7717638F9F001344AC /* Demo-Info.plist */,
				8A078F7817638F9F001344AC /* InfoPlist.strings */,
				8A078F7B17638F9F001344AC /* main.m */,
				8A078F7D17638F9F001344AC /* Demo-Prefix.pch */,
				8A078F8117638F9F001344AC /* Default.png */,
				8A078F8317638F9F001344AC /* Default@2x.png */,
				8A078F8517638F9F001344AC /* Default-568h@2x.png */,
			);
			name = "Supporting Files";
			sourceTree = "<group>";
		};
/* End PBXGroup section */

/* Begin PBXNativeTarget section */
		8A078F6B17638F9F001344AC /* Demo */ = {
			isa = PBXNativeTarget;
			buildConfigurationList = 8A078F8F17638F9F001344AC /* Build configuration list for PBXNativeTarget "Demo" */;
			buildPhases = (
				8A078F6817638F9F001344AC /* Sources */,
				8A078F6917638F9F001344AC /* Frameworks */,
				8A078F6A17638F9F001344AC /* Resources */,
			);
			buildRules = (
			);
			dependencies = (
			);
			name = Demo;
			productName = Demo;
			productReference = 8A078F6C17638F9F001344AC /* Demo.app */;
			productType = "com.apple.product-type.application";
		};
/* End PBXNativeTarget section */

/* Begin PBXProject section */
		8A078F6417638F9F001344AC /* Project object */ = {
			isa = PBXProject;
			attributes = {
				LastUpgradeCheck = 0460;
				ORGANIZATIONNAME = zucknet;
			};
			buildConfigurationList = 8A078F6717638F9F001344AC /* Build configuration list for PBXProject "Demo" */;
			compatibilityVersion = "Xcode 3.2";
			developmentRegion = English;
			hasScannedForEncodings = 0;
			knownRegions = (
				en,
			);
			mainGroup = 8A078F6317638F9F001344AC;
			productRefGroup = 8A078F6D17638F9F001344AC /* Products */;
			projectDirPath = "";
			projectRoot = "";
			targets = (
				8A078F6B17638F9F001344AC /* Demo */,
			);
		};
/* End PBXProject section */

/* Begin PBXResourcesBuildPhase section */
		8A078F6A17638F9F001344AC /* Resources */ = {
			isa = PBXResourcesBuildPhase;
			buildActionMask = 2147483647;
			files = (
				8A078F7A17638F9F001344AC /* InfoPlist.strings in Resources */,
				8A078F8217638F9F001344AC /* Default.png in Resources */,
				8A078F8417638F9F001344AC /* Default@2x.png in Resources */,
				8A078F8617638F9F001344AC /* Default-568h@2x.png in Resources */,
				8A078F8C17638F9F001344AC /* ViewController.xib in Resources */,
				8A1DD7451764ADA000D3A7AF /* testDatePicker.xib in Resources */,
				8A1DD74A1765071C00D3A7AF /* selectCity.xib in Resources */,
				8AD3765A1765C5B80066312F /* city.plist in Resources */,
			);
			runOnlyForDeploymentPostprocessing = 0;
		};
/* End PBXResourcesBuildPhase section */

/* Begin PBXSourcesBuildPhase section */
		8A078F6817638F9F001344AC /* Sources */ = {
			isa = PBXSourcesBuildPhase;
			buildActionMask = 2147483647;
			files = (
				8A078F7C17638F9F001344AC /* main.m in Sources */,
				8A078F8017638F9F001344AC /* AppDelegate.m in Sources */,
				8A078F8917638F9F001344AC /* ViewController.m in Sources */,
				8A1DD7431764AD8200D3A7AF /* testDatePicker.m in Sources */,
				8A1DD7481765070F00D3A7AF /* selectCity.m in Sources */,
			);
			runOnlyForDeploymentPostprocessing = 0;
		};
/* End PBXSourcesBuildPhase section */

/* Begin PBXVariantGroup section */
		8A078F7817638F9F001344AC /* InfoPlist.strings */ = {
			isa = PBXVariantGroup;
			children = (
				8A078F7917638F9F001344AC /* en */,
			);
			name = InfoPlist.strings;
			sourceTree = "<group>";
		};
		8A078F8A17638F9F001344AC /* ViewController.xib */ = {
			isa = PBXVariantGroup;
			children = (
				8A078F8B17638F9F001344AC /* en */,
			);
			name = ViewController.xib;
			sourceTree = "<group>";
		};
/* End PBXVariantGroup section */

/* Begin XCBuildConfiguration section */
		8A078F8D17638F9F001344AC /* Debug */ = {
			isa = XCBuildConfiguration;
			buildSettings = {
				ALWAYS_SEARCH_USER_PATHS = NO;
				CLANG_CXX_LANGUAGE_STANDARD = "gnu++0x";
				CLANG_CXX_LIBRARY = "libc++";
				CLANG_WARN_CONSTANT_CONVERSION = YES;
				CLANG_WARN_EMPTY_BODY = YES;
				CLANG_WARN_ENUM_CONVERSION = YES;
				CLANG_WARN_INT_CONVERSION = YES;
				CLANG_WARN__DUPLICATE_METHOD_MATCH = YES;
				"CODE_SIGN_IDENTITY[sdk=iphoneos*]" = "iPhone Developer";
				COPY_PHASE_STRIP = NO;
				GCC_C_LANGUAGE_STANDARD = gnu99;
				GCC_DYNAMIC_NO_PIC = NO;
				GCC_OPTIMIZATION_LEVEL = 0;
				GCC_PREPROCESSOR_DEFINITIONS = (
					"DEBUG=1",
					"$(inherited)",
				);
				GCC_SYMBOLS_PRIVATE_EXTERN = NO;
				GCC_WARN_ABOUT_RETURN_TYPE = YES;
				GCC_WARN_UNINITIALIZED_AUTOS = YES;
				GCC_WARN_UNUSED_VARIABLE = YES;
				IPHONEOS_DEPLOYMENT_TARGET = 6.1;
				ONLY_ACTIVE_ARCH = YES;
				SDKROOT = iphoneos;
			};
			name = Debug;
		};
		8A078F8E17638F9F001344AC /* Release */ = {
			isa = XCBuildConfiguration;
			buildSettings = {
				ALWAYS_SEARCH_USER_PATHS = NO;
				CLANG_CXX_LANGUAGE_STANDARD = "gnu++0x";
				CLANG_CXX_LIBRARY = "libc++";
				CLANG_WARN_CONSTANT_CONVERSION = YES;
				CLANG_WARN_EMPTY_BODY = YES;
				CLANG_WARN_ENUM_CONVERSION = YES;
				CLANG_WARN_INT_CONVERSION = YES;
				CLANG_WARN__DUPLICATE_METHOD_MATCH = YES;
				"CODE_SIGN_IDENTITY[sdk=iphoneos*]" = "iPhone Developer";
				COPY_PHASE_STRIP = YES;
				GCC_C_LANGUAGE_STANDARD = gnu99;
				GCC_WARN_ABOUT_RETURN_TYPE = YES;
				GCC_WARN_UNINITIALIZED_AUTOS = YES;
				GCC_WARN_UNUSED_VARIABLE = YES;
				IPHONEOS_DEPLOYMENT_TARGET = 6.1;
				OTHER_CFLAGS = "-DNS_BLOCK_ASSERTIONS=1";
				SDKROOT = iphoneos;
				VALIDATE_PRODUCT = YES;
			};
			name = Release;
		};
		8A078F9017638F9F001344AC /* Debug */ = {
			isa = XCBuildConfiguration;
			buildSettings = {
				GCC_PRECOMPILE_PREFIX_HEADER = YES;
				GCC_PREFIX_HEADER = "Demo/Demo-Prefix.pch";
				INFOPLIST_FILE = "Demo/Demo-Info.plist";
				PRODUCT_NAME = "$(TARGET_NAME)";
				WRAPPER_EXTENSION = app;
			};
			name = Debug;
		};
		8A078F9117638F9F001344AC /* Release */ = {
			isa = XCBuildConfiguration;
			buildSettings = {
				GCC_PRECOMPILE_PREFIX_HEADER = YES;
				GCC_PREFIX_HEADER = "Demo/Demo-Prefix.pch";
				INFOPLIST_FILE = "Demo/Demo-Info.plist";
				PRODUCT_NAME = "$(TARGET_NAME)";
				WRAPPER_EXTENSION = app;
			};
			name = Release;
		};
/* End XCBuildConfiguration section */

/* Begin XCConfigurationList section */
		8A078F6717638F9F001344AC /* Build configuration list for PBXProject "Demo" */ = {
			isa = XCConfigurationList;
			buildConfigurations = (
				8A078F8D17638F9F001344AC /* Debug */,
				8A078F8E17638F9F001344AC /* Release */,
			);
			defaultConfigurationIsVisible = 0;
			defaultConfigurationName = Release;
		};
		8A078F8F17638F9F001344AC /* Build configuration list for PBXNativeTarget "Demo" */ = {
			isa = XCConfigurationList;
			buildConfigurations = (
				8A078F9017638F9F001344AC /* Debug */,
				8A078F9117638F9F001344AC /* Release */,
			);
			defaultConfigurationIsVisible = 0;
			defaultConfigurationName = Release;
		};
/* End XCConfigurationList section */
	};
	rootObject = 8A078F6417638F9F001344AC /* Project object */;
}
